// !$*UTF8*$!
{
	archiveVersion = 1;
	classes = {
	};
	objectVersion = 56;
	objects = {

/* Begin PBXBuildFile section */
		6FD3492C2C62159800014D3D /* AppDelegate.swift in Sources */ = {isa = PBXBuildFile; fileRef = 6FD3492B2C62159800014D3D /* AppDelegate.swift */; };
		6FD3492E2C62159800014D3D /* SceneDelegate.swift in Sources */ = {isa = PBXBuildFile; fileRef = 6FD3492D2C62159800014D3D /* SceneDelegate.swift */; };
		6FD349302C62159800014D3D /* FirstViewController.swift in Sources */ = {isa = PBXBuildFile; fileRef = 6FD3492F2C62159800014D3D /* FirstViewController.swift */; };
		6FD349332C62159800014D3D /* Main.storyboard in Resources */ = {isa = PBXBuildFile; fileRef = 6FD349312C62159800014D3D /* Main.storyboard */; };
		6FD349362C62159800014D3D /* YourNames.xcdatamodeld in Sources */ = {isa = PBXBuildFile; fileRef = 6FD349342C62159800014D3D /* YourNames.xcdatamodeld */; };
		6FD349382C62159900014D3D /* Assets.xcassets in Resources */ = {isa = PBXBuildFile; fileRef = 6FD349372C62159900014D3D /* Assets.xcassets */; };
		6FD3493B2C62159900014D3D /* LaunchScreen.storyboard in Resources */ = {isa = PBXBuildFile; fileRef = 6FD349392C62159900014D3D /* LaunchScreen.storyboard */; };
		6FD349462C62159900014D3D /* YourNamesTests.swift in Sources */ = {isa = PBXBuildFile; fileRef = 6FD349452C62159900014D3D /* YourNamesTests.swift */; };
		6FD349502C62159900014D3D /* YourNamesUITests.swift in Sources */ = {isa = PBXBuildFile; fileRef = 6FD3494F2C62159900014D3D /* YourNamesUITests.swift */; };
		6FD349522C62159900014D3D /* YourNamesUITestsLaunchTests.swift in Sources */ = {isa = PBXBuildFile; fileRef = 6FD349512C62159900014D3D /* YourNamesUITestsLaunchTests.swift */; };
		6FD3495F2C62276300014D3D /* ResultViewController.swift in Sources */ = {isa = PBXBuildFile; fileRef = 6FD3495E2C62276300014D3D /* ResultViewController.swift */; };
/* End PBXBuildFile section */

/* Begin PBXContainerItemProxy section */
		6FD349422C62159900014D3D /* PBXContainerItemProxy */ = {
			isa = PBXContainerItemProxy;
			containerPortal = 6FD349202C62159800014D3D /* Project object */;
			proxyType = 1;
			remoteGlobalIDString = 6FD349272C62159800014D3D;
			remoteInfo = YourNames;
		};
		6FD3494C2C62159900014D3D /* PBXContainerItemProxy */ = {
			isa = PBXContainerItemProxy;
			containerPortal = 6FD349202C62159800014D3D /* Project object */;
			proxyType = 1;
			remoteGlobalIDString = 6FD349272C62159800014D3D;
			remoteInfo = YourNames;
		};
/* End PBXContainerItemProxy section */

/* Begin PBXFileReference section */
		6FD349282C62159800014D3D /* YourNames.app */ = {isa = PBXFileReference; explicitFileType = wrapper.application; includeInIndex = 0; path = YourNames.app; sourceTree = BUILT_PRODUCTS_DIR; };
		6FD3492B2C62159800014D3D /* AppDelegate.swift */ = {isa = PBXFileReference; lastKnownFileType = sourcecode.swift; path = AppDelegate.swift; sourceTree = "<group>"; };
		6FD3492D2C62159800014D3D /* SceneDelegate.swift */ = {isa = PBXFileReference; lastKnownFileType = sourcecode.swift; path = SceneDelegate.swift; sourceTree = "<group>"; };
		6FD3492F2C62159800014D3D /* FirstViewController.swift */ = {isa = PBXFileReference; lastKnownFileType = sourcecode.swift; path = FirstViewController.swift; sourceTree = "<group>"; };
		6FD349322C62159800014D3D /* Base */ = {isa = PBXFileReference; lastKnownFileType = file.storyboard; name = Base; path = Base.lproj/Main.storyboard; sourceTree = "<group>"; };
		6FD349352C62159800014D3D /* YourNames.xcdatamodel */ = {isa = PBXFileReference; lastKnownFileType = wrapper.xcdatamodel; path = YourNames.xcdatamodel; sourceTree = "<group>"; };
		6FD349372C62159900014D3D /* Assets.xcassets */ = {isa = PBXFileReference; lastKnownFileType = folder.assetcatalog; path = Assets.xcassets; sourceTree = "<group>"; };
		6FD3493A2C62159900014D3D /* Base */ = {isa = PBXFileReference; lastKnownFileType = file.storyboard; name = Base; path = Base.lproj/LaunchScreen.storyboard; sourceTree = "<group>"; };
		6FD3493C2C62159900014D3D /* Info.plist */ = {isa = PBXFileReference; lastKnownFileType = text.plist.xml; path = Info.plist; sourceTree = "<group>"; };
		6FD349412C62159900014D3D /* YourNamesTests.xctest */ = {isa = PBXFileReference; explicitFileType = wrapper.cfbundle; includeInIndex = 0; path = YourNamesTests.xctest; sourceTree = BUILT_PRODUCTS_DIR; };
		6FD349452C62159900014D3D /* YourNamesTests.swift */ = {isa = PBXFileReference; lastKnownFileType = sourcecode.swift; path = YourNamesTests.swift; sourceTree = "<group>"; };
		6FD3494B2C62159900014D3D /* YourNamesUITests.xctest */ = {isa = PBXFileReference; explicitFileType = wrapper.cfbundle; includeInIndex = 0; path = YourNamesUITests.xctest; sourceTree = BUILT_PRODUCTS_DIR; };
		6FD3494F2C62159900014D3D /* YourNamesUITests.swift */ = {isa = PBXFileReference; lastKnownFileType = sourcecode.swift; path = YourNamesUITests.swift; sourceTree = "<group>"; };
		6FD349512C62159900014D3D /* YourNamesUITestsLaunchTests.swift */ = {isa = PBXFileReference; lastKnownFileType = sourcecode.swift; path = YourNamesUITestsLaunchTests.swift; sourceTree = "<group>"; };
		6FD3495E2C62276300014D3D /* ResultViewController.swift */ = {isa = PBXFileReference; lastKnownFileType = sourcecode.swift; path = ResultViewController.swift; sourceTree = "<group>"; };
/* End PBXFileReference section */

/* Begin PBXFrameworksBuildPhase section */
		6FD349252C62159800014D3D /* Frameworks */ = {
			isa = PBXFrameworksBuildPhase;
			buildActionMask = 2147483647;
			files = (
			);
			runOnlyForDeploymentPostprocessing = 0;
		};
		6FD3493E2C62159900014D3D /* Frameworks */ = {
			isa = PBXFrameworksBuildPhase;
			buildActionMask = 2147483647;
			files = (
			);
			runOnlyForDeploymentPostprocessing = 0;
		};
		6FD349482C62159900014D3D /* Frameworks */ = {
			isa = PBXFrameworksBuildPhase;
			buildActionMask = 2147483647;
			files = (
			);
			runOnlyForDeploymentPostprocessing = 0;
		};
/* End PBXFrameworksBuildPhase section */

/* Begin PBXGroup section */
		6FD3491F2C62159800014D3D = {
			isa = PBXGroup;
			children = (
				6FD3492A2C62159800014D3D /* YourNames */,
				6FD349442C62159900014D3D /* YourNamesTests */,
				6FD3494E2C62159900014D3D /* YourNamesUITests */,
				6FD349292C62159800014D3D /* Products */,
			);
			sourceTree = "<group>";
		};
		6FD349292C62159800014D3D /* Products */ = {
			isa = PBXGroup;
			children = (
				6FD349282C62159800014D3D /* YourNames.app */,
				6FD349412C62159900014D3D /* YourNamesTests.xctest */,
				6FD3494B2C62159900014D3D /* YourNamesUITests.xctest */,
			);
			name = Products;
			sourceTree = "<group>";
		};
		6FD3492A2C62159800014D3D /* YourNames */ = {
			isa = PBXGroup;
			children = (
				6FD3492B2C62159800014D3D /* AppDelegate.swift */,
				6FD3492D2C62159800014D3D /* SceneDelegate.swift */,
				6FD3492F2C62159800014D3D /* FirstViewController.swift */,
				6FD3495E2C62276300014D3D /* ResultViewController.swift */,
				6FD349312C62159800014D3D /* Main.storyboard */,
				6FD349372C62159900014D3D /* Assets.xcassets */,
				6FD349392C62159900014D3D /* LaunchScreen.storyboard */,
				6FD3493C2C62159900014D3D /* Info.plist */,
				6FD349342C62159800014D3D /* YourNames.xcdatamodeld */,
			);
			path = YourNames;
			sourceTree = "<group>";
		};
		6FD349442C62159900014D3D /* YourNamesTests */ = {
			isa = PBXGroup;
			children = (
				6FD349452C62159900014D3D /* YourNamesTests.swift */,
			);
			path = YourNamesTests;
			sourceTree = "<group>";
		};
		6FD3494E2C62159900014D3D /* YourNamesUITests */ = {
			isa = PBXGroup;
			children = (
				6FD3494F2C62159900014D3D /* YourNamesUITests.swift */,
				6FD349512C62159900014D3D /* YourNamesUITestsLaunchTests.swift */,
			);
			path = YourNamesUITests;
			sourceTree = "<group>";
		};
/* End PBXGroup section */

/* Begin PBXNativeTarget section */
		6FD349272C62159800014D3D /* YourNames */ = {
			isa = PBXNativeTarget;
			buildConfigurationList = 6FD349552C62159900014D3D /* Build configuration list for PBXNativeTarget "YourNames" */;
			buildPhases = (
				6FD349242C62159800014D3D /* Sources */,
				6FD349252C62159800014D3D /* Frameworks */,
				6FD349262C62159800014D3D /* Resources */,
			);
			buildRules = (
			);
			dependencies = (
			);
			name = YourNames;
			productName = YourNames;
			productReference = 6FD349282C62159800014D3D /* YourNames.app */;
			productType = "com.apple.product-type.application";
		};
		6FD349402C62159900014D3D /* YourNamesTests */ = {
			isa = PBXNativeTarget;
			buildConfigurationList = 6FD349582C62159900014D3D /* Build configuration list for PBXNativeTarget "YourNamesTests" */;
			buildPhases = (
				6FD3493D2C62159900014D3D /* Sources */,
				6FD3493E2C62159900014D3D /* Frameworks */,
				6FD3493F2C62159900014D3D /* Resources */,
			);
			buildRules = (
			);
			dependencies = (
				6FD349432C62159900014D3D /* PBXTargetDependency */,
			);
			name = YourNamesTests;
			productName = YourNamesTests;
			productReference = 6FD349412C62159900014D3D /* YourNamesTests.xctest */;
			productType = "com.apple.product-type.bundle.unit-test";
		};
		6FD3494A2C62159900014D3D /* YourNamesUITests */ = {
			isa = PBXNativeTarget;
			buildConfigurationList = 6FD3495B2C62159900014D3D /* Build configuration list for PBXNativeTarget "YourNamesUITests" */;
			buildPhases = (
				6FD349472C62159900014D3D /* Sources */,
				6FD349482C62159900014D3D /* Frameworks */,
				6FD349492C62159900014D3D /* Resources */,
			);
			buildRules = (
			);
			dependencies = (
				6FD3494D2C62159900014D3D /* PBXTargetDependency */,
			);
			name = YourNamesUITests;
			productName = YourNamesUITests;
			productReference = 6FD3494B2C62159900014D3D /* YourNamesUITests.xctest */;
			productType = "com.apple.product-type.bundle.ui-testing";
		};
/* End PBXNativeTarget section */

/* Begin PBXProject section */
		6FD349202C62159800014D3D /* Project object */ = {
			isa = PBXProject;
			attributes = {
				BuildIndependentTargetsInParallel = 1;
				LastSwiftUpdateCheck = 1510;
				LastUpgradeCheck = 1510;
				TargetAttributes = {
					6FD349272C62159800014D3D = {
						CreatedOnToolsVersion = 15.1;
					};
					6FD349402C62159900014D3D = {
						CreatedOnToolsVersion = 15.1;
						TestTargetID = 6FD349272C62159800014D3D;
					};
					6FD3494A2C62159900014D3D = {
						CreatedOnToolsVersion = 15.1;
						TestTargetID = 6FD349272C62159800014D3D;
					};
				};
			};
			buildConfigurationList = 6FD349232C62159800014D3D /* Build configuration list for PBXProject "YourNames" */;
			compatibilityVersion = "Xcode 14.0";
			developmentRegion = en;
			hasScannedForEncodings = 0;
			knownRegions = (
				en,
				Base,
			);
			mainGroup = 6FD3491F2C62159800014D3D;
			productRefGroup = 6FD349292C62159800014D3D /* Products */;
			projectDirPath = "";
			projectRoot = "";
			targets = (
				6FD349272C62159800014D3D /* YourNames */,
				6FD349402C62159900014D3D /* YourNamesTests */,
				6FD3494A2C62159900014D3D /* YourNamesUITests */,
			);
		};
/* End PBXProject section */

/* Begin PBXResourcesBuildPhase section */
		6FD349262C62159800014D3D /* Resources */ = {
			isa = PBXResourcesBuildPhase;
			buildActionMask = 2147483647;
			files = (
				6FD3493B2C62159900014D3D /* LaunchScreen.storyboard in Resources */,
				6FD349382C62159900014D3D /* Assets.xcassets in Resources */,
				6FD349332C62159800014D3D /* Main.storyboard in Resources */,
			);
			runOnlyForDeploymentPostprocessing = 0;
		};
		6FD3493F2C62159900014D3D /* Resources */ = {
			isa = PBXResourcesBuildPhase;
			buildActionMask = 2147483647;
			files = (
			);
			runOnlyForDeploymentPostprocessing = 0;
		};
		6FD349492C62159900014D3D /* Resources */ = {
			isa = PBXResourcesBuildPhase;
			buildActionMask = 2147483647;
			files = (
			);
			runOnlyForDeploymentPostprocessing = 0;
		};
/* End PBXResourcesBuildPhase section */

/* Begin PBXSourcesBuildPhase section */
		6FD349242C62159800014D3D /* Sources */ = {
			isa = PBXSourcesBuildPhase;
			buildActionMask = 2147483647;
			files = (
				6FD3495F2C62276300014D3D /* ResultViewController.swift in Sources */,
				6FD349302C62159800014D3D /* FirstViewController.swift in Sources */,
				6FD349362C62159800014D3D /* YourNames.xcdatamodeld in Sources */,
				6FD3492C2C62159800014D3D /* AppDelegate.swift in Sources */,
				6FD3492E2C62159800014D3D /* SceneDelegate.swift in Sources */,
			);
			runOnlyForDeploymentPostprocessing = 0;
		};
		6FD3493D2C62159900014D3D /* Sources */ = {
			isa = PBXSourcesBuildPhase;
			buildActionMask = 2147483647;
			files = (
				6FD349462C62159900014D3D /* YourNamesTests.swift in Sources */,
			);
			runOnlyForDeploymentPostprocessing = 0;
		};
		6FD349472C62159900014D3D /* Sources */ = {
			isa = PBXSourcesBuildPhase;
			buildActionMask = 2147483647;
			files = (
				6FD349522C62159900014D3D /* YourNamesUITestsLaunchTests.swift in Sources */,
				6FD349502C62159900014D3D /* YourNamesUITests.swift in Sources */,
			);
			runOnlyForDeploymentPostprocessing = 0;
		};
/* End PBXSourcesBuildPhase section */

/* Begin PBXTargetDependency section */
		6FD349432C62159900014D3D /* PBXTargetDependency */ = {
			isa = PBXTargetDependency;
			target = 6FD349272C62159800014D3D /* YourNames */;
			targetProxy = 6FD349422C62159900014D3D /* PBXContainerItemProxy */;
		};
		6FD3494D2C62159900014D3D /* PBXTargetDependency */ = {
			isa = PBXTargetDependency;
			target = 6FD349272C62159800014D3D /* YourNames */;
			targetProxy = 6FD3494C2C62159900014D3D /* PBXContainerItemProxy */;
		};
/* End PBXTargetDependency section */

/* Begin PBXVariantGroup section */
		6FD349312C62159800014D3D /* Main.storyboard */ = {
			isa = PBXVariantGroup;
			children = (
				6FD349322C62159800014D3D /* Base */,
			);
			name = Main.storyboard;
			sourceTree = "<group>";
		};
		6FD349392C62159900014D3D /* LaunchScreen.storyboard */ = {
			isa = PBXVariantGroup;
			children = (
				6FD3493A2C62159900014D3D /* Base */,
			);
			name = LaunchScreen.storyboard;
			sourceTree = "<group>";
		};
/* End PBXVariantGroup section */

/* Begin XCBuildConfiguration section */
		6FD349532C62159900014D3D /* Debug */ = {
			isa = XCBuildConfiguration;
			buildSettings = {
				ALWAYS_SEARCH_USER_PATHS = NO;
				ASSETCATALOG_COMPILER_GENERATE_SWIFT_ASSET_SYMBOL_EXTENSIONS = YES;
				CLANG_ANALYZER_NONNULL = YES;
				CLANG_ANALYZER_NUMBER_OBJECT_CONVERSION = YES_AGGRESSIVE;
				CLANG_CXX_LANGUAGE_STANDARD = "gnu++20";
				CLANG_ENABLE_MODULES = YES;
				CLANG_ENABLE_OBJC_ARC = YES;
				CLANG_ENABLE_OBJC_WEAK = YES;
				CLANG_WARN_BLOCK_CAPTURE_AUTORELEASING = YES;
				CLANG_WARN_BOOL_CONVERSION = YES;
				CLANG_WARN_COMMA = YES;
				CLANG_WARN_CONSTANT_CONVERSION = YES;
				CLANG_WARN_DEPRECATED_OBJC_IMPLEMENTATIONS = YES;
				CLANG_WARN_DIRECT_OBJC_ISA_USAGE = YES_ERROR;
				CLANG_WARN_DOCUMENTATION_COMMENTS = YES;
				CLANG_WARN_EMPTY_BODY = YES;
				CLANG_WARN_ENUM_CONVERSION = YES;
				CLANG_WARN_INFINITE_RECURSION = YES;
				CLANG_WARN_INT_CONVERSION = YES;
				CLANG_WARN_NON_LITERAL_NULL_CONVERSION = YES;
				CLANG_WARN_OBJC_IMPLICIT_RETAIN_SELF = YES;
				CLANG_WARN_OBJC_LITERAL_CONVERSION = YES;
				CLANG_WARN_OBJC_ROOT_CLASS = YES_ERROR;
				CLANG_WARN_QUOTED_INCLUDE_IN_FRAMEWORK_HEADER = YES;
				CLANG_WARN_RANGE_LOOP_ANALYSIS = YES;
				CLANG_WARN_STRICT_PROTOTYPES = YES;
				CLANG_WARN_SUSPICIOUS_MOVE = YES;
				CLANG_WARN_UNGUARDED_AVAILABILITY = YES_AGGRESSIVE;
				CLANG_WARN_UNREACHABLE_CODE = YES;
				CLANG_WARN__DUPLICATE_METHOD_MATCH = YES;
				COPY_PHASE_STRIP = NO;
				DEBUG_INFORMATION_FORMAT = dwarf;
				ENABLE_STRICT_OBJC_MSGSEND = YES;
				ENABLE_TESTABILITY = YES;
				ENABLE_USER_SCRIPT_SANDBOXING = YES;
				GCC_C_LANGUAGE_STANDARD = gnu17;
				GCC_DYNAMIC_NO_PIC = NO;
				GCC_NO_COMMON_BLOCKS = YES;
				GCC_OPTIMIZATION_LEVEL = 0;
				GCC_PREPROCESSOR_DEFINITIONS = (
					"DEBUG=1",
					"$(inherited)",
				);
				GCC_WARN_64_TO_32_BIT_CONVERSION = YES;
				GCC_WARN_ABOUT_RETURN_TYPE = YES_ERROR;
				GCC_WARN_UNDECLARED_SELECTOR = YES;
				GCC_WARN_UNINITIALIZED_AUTOS = YES_AGGRESSIVE;
				GCC_WARN_UNUSED_FUNCTION = YES;
				GCC_WARN_UNUSED_VARIABLE = YES;
				IPHONEOS_DEPLOYMENT_TARGET = 17.2;
				LOCALIZATION_PREFERS_STRING_CATALOGS = YES;
				MTL_ENABLE_DEBUG_INFO = INCLUDE_SOURCE;
				MTL_FAST_MATH = YES;
				ONLY_ACTIVE_ARCH = YES;
				SDKROOT = iphoneos;
				SWIFT_ACTIVE_COMPILATION_CONDITIONS = "DEBUG $(inherited)";
				SWIFT_OPTIMIZATION_LEVEL = "-Onone";
			};
			name = Debug;
		};
		6FD349542C62159900014D3D /* Release */ = {
			isa = XCBuildConfiguration;
			buildSettings = {
				ALWAYS_SEARCH_USER_PATHS = NO;
				ASSETCATALOG_COMPILER_GENERATE_SWIFT_ASSET_SYMBOL_EXTENSIONS = YES;
				CLANG_ANALYZER_NONNULL = YES;
				CLANG_ANALYZER_NUMBER_OBJECT_CONVERSION = YES_AGGRESSIVE;
				CLANG_CXX_LANGUAGE_STANDARD = "gnu++20";
				CLANG_ENABLE_MODULES = YES;
				CLANG_ENABLE_OBJC_ARC = YES;
				CLANG_ENABLE_OBJC_WEAK = YES;
				CLANG_WARN_BLOCK_CAPTURE_AUTORELEASING = YES;
				CLANG_WARN_BOOL_CONVERSION = YES;
				CLANG_WARN_COMMA = YES;
				CLANG_WARN_CONSTANT_CONVERSION = YES;
				CLANG_WARN_DEPRECATED_OBJC_IMPLEMENTATIONS = YES;
				CLANG_WARN_DIRECT_OBJC_ISA_USAGE = YES_ERROR;
				CLANG_WARN_DOCUMENTATION_COMMENTS = YES;
				CLANG_WARN_EMPTY_BODY = YES;
				CLANG_WARN_ENUM_CONVERSION = YES;
				CLANG_WARN_INFINITE_RECURSION = YES;
				CLANG_WARN_INT_CONVERSION = YES;
				CLANG_WARN_NON_LITERAL_NULL_CONVERSION = YES;
				CLANG_WARN_OBJC_IMPLICIT_RETAIN_SELF = YES;
				CLANG_WARN_OBJC_LITERAL_CONVERSION = YES;
				CLANG_WARN_OBJC_ROOT_CLASS = YES_ERROR;
				CLANG_WARN_QUOTED_INCLUDE_IN_FRAMEWORK_HEADER = YES;
				CLANG_WARN_RANGE_LOOP_ANALYSIS = YES;
				CLANG_WARN_STRICT_PROTOTYPES = YES;
				CLANG_WARN_SUSPICIOUS_MOVE = YES;
				CLANG_WARN_UNGUARDED_AVAILABILITY = YES_AGGRESSIVE;
				CLANG_WARN_UNREACHABLE_CODE = YES;
				CLANG_WARN__DUPLICATE_METHOD_MATCH = YES;
				COPY_PHASE_STRIP = NO;
				DEBUG_INFORMATION_FORMAT = "dwarf-with-dsym";
				ENABLE_NS_ASSERTIONS = NO;
				ENABLE_STRICT_OBJC_MSGSEND = YES;
				ENABLE_USER_SCRIPT_SANDBOXING = YES;
				GCC_C_LANGUAGE_STANDARD = gnu17;
				GCC_NO_COMMON_BLOCKS = YES;
				GCC_WARN_64_TO_32_BIT_CONVERSION = YES;
				GCC_WARN_ABOUT_RETURN_TYPE = YES_ERROR;
				GCC_WARN_UNDECLARED_SELECTOR = YES;
				GCC_WARN_UNINITIALIZED_AUTOS = YES_AGGRESSIVE;
				GCC_WARN_UNUSED_FUNCTION = YES;
				GCC_WARN_UNUSED_VARIABLE = YES;
				IPHONEOS_DEPLOYMENT_TARGET = 17.2;
				LOCALIZATION_PREFERS_STRING_CATALOGS = YES;
				MTL_ENABLE_DEBUG_INFO = NO;
				MTL_FAST_MATH = YES;
				SDKROOT = iphoneos;
				SWIFT_COMPILATION_MODE = wholemodule;
				VALIDATE_PRODUCT = YES;
			};
			name = Release;
		};
		6FD349562C62159900014D3D /* Debug */ = {
			isa = XCBuildConfiguration;
			buildSettings = {
				ASSETCATALOG_COMPILER_APPICON_NAME = AppIcon;
				ASSETCATALOG_COMPILER_GLOBAL_ACCENT_COLOR_NAME = AccentColor;
				CODE_SIGN_STYLE = Automatic;
				CURRENT_PROJECT_VERSION = 1;
				DEVELOPMENT_TEAM = 29KVNWH693;
				GENERATE_INFOPLIST_FILE = YES;
				INFOPLIST_FILE = YourNames/Info.plist;
				INFOPLIST_KEY_UIApplicationSupportsIndirectInputEvents = YES;
				INFOPLIST_KEY_UILaunchStoryboardName = LaunchScreen;
				INFOPLIST_KEY_UIMainStoryboardFile = Main;
				INFOPLIST_KEY_UISupportedInterfaceOrientations = UIInterfaceOrientationPortrait;
				INFOPLIST_KEY_UISupportedInterfaceOrientations_iPad = "UIInterfaceOrientationLandscapeLeft UIInterfaceOrientationLandscapeRight UIInterfaceOrientationPortrait UIInterfaceOrientationPortraitUpsideDown";
				LD_RUNPATH_SEARCH_PATHS = (
					"$(inherited)",
					"@executable_path/Frameworks",
				);
				MARKETING_VERSION = 1.0;
				PRODUCT_BUNDLE_IDENTIFIER = SovaViktorovna.YourNames;
				PRODUCT_NAME = "$(TARGET_NAME)";
				SUPPORTED_PLATFORMS = "iphoneos iphonesimulator";
				SUPPORTS_MACCATALYST = NO;
				SUPPORTS_MAC_DESIGNED_FOR_IPHONE_IPAD = NO;
				SWIFT_EMIT_LOC_STRINGS = YES;
				SWIFT_VERSION = 5.0;
				TARGETED_DEVICE_FAMILY = 1;
			};
			name = Debug;
		};
		6FD349572C62159900014D3D /* Release */ = {
			isa = XCBuildConfiguration;
			buildSettings = {
				ASSETCATALOG_COMPILER_APPICON_NAME = AppIcon;
				ASSETCATALOG_COMPILER_GLOBAL_ACCENT_COLOR_NAME = AccentColor;
				CODE_SIGN_STYLE = Automatic;
				CURRENT_PROJECT_VERSION = 1;
				DEVELOPMENT_TEAM = 29KVNWH693;
				GENERATE_INFOPLIST_FILE = YES;
				INFOPLIST_FILE = YourNames/Info.plist;
				INFOPLIST_KEY_UIApplicationSupportsIndirectInputEvents = YES;
				INFOPLIST_KEY_UILaunchStoryboardName = LaunchScreen;
				INFOPLIST_KEY_UIMainStoryboardFile = Main;
				INFOPLIST_KEY_UISupportedInterfaceOrientations = UIInterfaceOrientationPortrait;
				INFOPLIST_KEY_UISupportedInterfaceOrientations_iPad = "UIInterfaceOrientationLandscapeLeft UIInterfaceOrientationLandscapeRight UIInterfaceOrientationPortrait UIInterfaceOrientationPortraitUpsideDown";
				LD_RUNPATH_SEARCH_PATHS = (
					"$(inherited)",
					"@executable_path/Frameworks",
				);
				MARKETING_VERSION = 1.0;
				PRODUCT_BUNDLE_IDENTIFIER = SovaViktorovna.YourNames;
				PRODUCT_NAME = "$(TARGET_NAME)";
				SUPPORTED_PLATFORMS = "iphoneos iphonesimulator";
				SUPPORTS_MACCATALYST = NO;
				SUPPORTS_MAC_DESIGNED_FOR_IPHONE_IPAD = NO;
				SWIFT_EMIT_LOC_STRINGS = YES;
				SWIFT_VERSION = 5.0;
				TARGETED_DEVICE_FAMILY = 1;
			};
			name = Release;
		};
		6FD349592C62159900014D3D /* Debug */ = {
			isa = XCBuildConfiguration;
			buildSettings = {
				ALWAYS_EMBED_SWIFT_STANDARD_LIBRARIES = YES;
				BUNDLE_LOADER = "$(TEST_HOST)";
				CODE_SIGN_STYLE = Automatic;
				CURRENT_PROJECT_VERSION = 1;
				DEVELOPMENT_TEAM = 29KVNWH693;
				GENERATE_INFOPLIST_FILE = YES;
				IPHONEOS_DEPLOYMENT_TARGET = 17.2;
				MARKETING_VERSION = 1.0;
				PRODUCT_BUNDLE_IDENTIFIER = SovaViktorovna.YourNamesTests;
				PRODUCT_NAME = "$(TARGET_NAME)";
				SWIFT_EMIT_LOC_STRINGS = NO;
				SWIFT_VERSION = 5.0;
				TARGETED_DEVICE_FAMILY = "1,2";
				TEST_HOST = "$(BUILT_PRODUCTS_DIR)/YourNames.app/$(BUNDLE_EXECUTABLE_FOLDER_PATH)/YourNames";
			};
			name = Debug;
		};
		6FD3495A2C62159900014D3D /* Release */ = {
			isa = XCBuildConfiguration;
			buildSettings = {
				ALWAYS_EMBED_SWIFT_STANDARD_LIBRARIES = YES;
				BUNDLE_LOADER = "$(TEST_HOST)";
				CODE_SIGN_STYLE = Automatic;
				CURRENT_PROJECT_VERSION = 1;
				DEVELOPMENT_TEAM = 29KVNWH693;
				GENERATE_INFOPLIST_FILE = YES;
				IPHONEOS_DEPLOYMENT_TARGET = 17.2;
				MARKETING_VERSION = 1.0;
				PRODUCT_BUNDLE_IDENTIFIER = SovaViktorovna.YourNamesTests;
				PRODUCT_NAME = "$(TARGET_NAME)";
				SWIFT_EMIT_LOC_STRINGS = NO;
				SWIFT_VERSION = 5.0;
				TARGETED_DEVICE_FAMILY = "1,2";
				TEST_HOST = "$(BUILT_PRODUCTS_DIR)/YourNames.app/$(BUNDLE_EXECUTABLE_FOLDER_PATH)/YourNames";
			};
			name = Release;
		};
		6FD3495C2C62159900014D3D /* Debug */ = {
			isa = XCBuildConfiguration;
			buildSettings = {
				ALWAYS_EMBED_SWIFT_STANDARD_LIBRARIES = YES;
				CODE_SIGN_STYLE = Automatic;
				CURRENT_PROJECT_VERSION = 1;
				DEVELOPMENT_TEAM = 29KVNWH693;
				GENERATE_INFOPLIST_FILE = YES;
				MARKETING_VERSION = 1.0;
				PRODUCT_BUNDLE_IDENTIFIER = SovaViktorovna.YourNamesUITests;
				PRODUCT_NAME = "$(TARGET_NAME)";
				SWIFT_EMIT_LOC_STRINGS = NO;
				SWIFT_VERSION = 5.0;
				TARGETED_DEVICE_FAMILY = "1,2";
				TEST_TARGET_NAME = YourNames;
			};
			name = Debug;
		};
		6FD3495D2C62159900014D3D /* Release */ = {
			isa = XCBuildConfiguration;
			buildSettings = {
				ALWAYS_EMBED_SWIFT_STANDARD_LIBRARIES = YES;
				CODE_SIGN_STYLE = Automatic;
				CURRENT_PROJECT_VERSION = 1;
				DEVELOPMENT_TEAM = 29KVNWH693;
				GENERATE_INFOPLIST_FILE = YES;
				MARKETING_VERSION = 1.0;
				PRODUCT_BUNDLE_IDENTIFIER = SovaViktorovna.YourNamesUITests;
				PRODUCT_NAME = "$(TARGET_NAME)";
				SWIFT_EMIT_LOC_STRINGS = NO;
				SWIFT_VERSION = 5.0;
				TARGETED_DEVICE_FAMILY = "1,2";
				TEST_TARGET_NAME = YourNames;
			};
			name = Release;
		};
/* End XCBuildConfiguration section */

/* Begin XCConfigurationList section */
		6FD349232C62159800014D3D /* Build configuration list for PBXProject "YourNames" */ = {
			isa = XCConfigurationList;
			buildConfigurations = (
				6FD349532C62159900014D3D /* Debug */,
				6FD349542C62159900014D3D /* Release */,
			);
			defaultConfigurationIsVisible = 0;
			defaultConfigurationName = Release;
		};
		6FD349552C62159900014D3D /* Build configuration list for PBXNativeTarget "YourNames" */ = {
			isa = XCConfigurationList;
			buildConfigurations = (
				6FD349562C62159900014D3D /* Debug */,
				6FD349572C62159900014D3D /* Release */,
			);
			defaultConfigurationIsVisible = 0;
			defaultConfigurationName = Release;
		};
		6FD349582C62159900014D3D /* Build configuration list for PBXNativeTarget "YourNamesTests" */ = {
			isa = XCConfigurationList;
			buildConfigurations = (
				6FD349592C62159900014D3D /* Debug */,
				6FD3495A2C62159900014D3D /* Release */,
			);
			defaultConfigurationIsVisible = 0;
			defaultConfigurationName = Release;
		};
		6FD3495B2C62159900014D3D /* Build configuration list for PBXNativeTarget "YourNamesUITests" */ = {
			isa = XCConfigurationList;
			buildConfigurations = (
				6FD3495C2C62159900014D3D /* Debug */,
				6FD3495D2C62159900014D3D /* Release */,
			);
			defaultConfigurationIsVisible = 0;
			defaultConfigurationName = Release;
		};
/* End XCConfigurationList section */

/* Begin XCVersionGroup section */
		6FD349342C62159800014D3D /* YourNames.xcdatamodeld */ = {
			isa = XCVersionGroup;
			children = (
				6FD349352C62159800014D3D /* YourNames.xcdatamodel */,
			);
			currentVersion = 6FD349352C62159800014D3D /* YourNames.xcdatamodel */;
			path = YourNames.xcdatamodeld;
			sourceTree = "<group>";
			versionGroupType = wrapper.xcdatamodel;
		};
/* End XCVersionGroup section */
	};
	rootObject = 6FD349202C62159800014D3D /* Project object */;
}
